hash: 4975620e2ddab30c985181489409607de93582c57d4dd4c43c52d143d450c263
updated: 2018-10-30T21:20:30.480232-07:00
imports:
- name: github.com/AlecAivazis/survey
  version: 0be4439d90f533f1ea2e0adddd5b1a405e6f5559
- name: github.com/aokoli/goutils
  version: 3391d3790d23d03408670993e957e8f408993c34
- name: github.com/boltdb/bolt
  version: 2f1ce7a837dcb8da3ec595b1dac9d0632f0f99e8
- name: github.com/davecgh/go-spew
  version: 8991bc29aa16c548c550c7ff78260e27b9ab7c73
  subpackages:
  - spew
- name: github.com/desertbit/closer
  version: 756292787619f9b691c47b65bb032ee53b2d8fa1
- name: github.com/desertbit/columnize
  version: abc90934186a77966e2beeac62ed966aac0561d5
- name: github.com/desertbit/go-shlex
  version: 3f9db97f856818214da2e1057f8ad84803971cff
- name: github.com/desertbit/grumble
  version: d141aa17e88111af1042554f973d046c6ff67119
- name: github.com/desertbit/readline
  version: f6d7a1f6fbf35bbf9beb80dc63c56a29dcfb759f
- name: github.com/fatih/color
  version: 5b77d2a35fb0ede96d138fc9a99f5c9b6aef11b4
- name: github.com/go-sql-driver/mysql
  version: d523deb1b23d913de5bdada721a6071e71283618
- name: github.com/go-yaml/yaml
  version: 5420a8b6744d3b0345ab293f6fcba19c978f1183
- name: github.com/gocql/gocql
  version: 1303a32993a1242a6fb58dc497a3b8a54ffd257d
  subpackages:
  - internal/lru
  - internal/murmur
  - internal/streams
- name: github.com/golang/snappy
  version: 553a641470496b2327abcac10b36396bd98e45c9
- name: github.com/google/uuid
  version: 064e2069ce9c359c118179501254f67d7d37ba24
- name: github.com/hailocab/go-hostpool
  version: e80d13ce29ede4452c43dea11e79b9bc8a15b478
- name: github.com/huandu/xstrings
  version: f02667b379e2fb5916c3cda2cf31e0eb885d79f8
- name: github.com/imdario/mergo
  version: 7fe0c75c13abdee74b09fcacef5ea1c6bba6a874
- name: github.com/jroimartin/gocui
  version: c055c87ae801372cd74a0839b972db4f7697ae5f
- name: github.com/json-iterator/go
  version: 1624edc4454b8682399def8740d46db5e4362ba4
- name: github.com/kballard/go-shellquote
  version: 95032a82bc518f77982ea72343cc1ade730072f0
- name: github.com/Masterminds/semver
  version: 59c29afe1a994eacb71c833025ca7acf874bb1da
- name: github.com/Masterminds/sprig
  version: 15f9564e7e9cf0da02a48e0d25f12a7b83559aa6
- name: github.com/mattn/go-colorable
  version: 7dc3415be66d7cc68bf0182f35c8d31f8d2ad8a7
- name: github.com/mattn/go-isatty
  version: 6ca4dbf54d38eea1a992b3c722a76a5d1c4cb25c
- name: github.com/mattn/go-runewidth
  version: a9d6d1e4dc51df2130326793d49971f238839169
- name: github.com/mcuadros/go-candyjs
  version: d703dfa5153a4276b8a4783d985793595228073d
- name: github.com/mgutz/ansi
  version: 9520e82c474b0a04dd04f8a40959027271bab992
- name: github.com/modern-go/concurrent
  version: bacd9c7ef1dd9b15be4a9909b8ac7a4e313eec94
- name: github.com/modern-go/reflect2
  version: 94122c33edd36123c84d5368cfb2b69df93a0ec8
- name: github.com/nsf/termbox-go
  version: 60ab7e3d12ed91bc1b2486559c4b3a6b62297577
- name: github.com/olebedev/go-duktape
  version: abf0ba0be5d5d36b1f9266463cc320b9a5ab224e
- name: github.com/olekukonko/tablewriter
  version: e6d60cf7ba1f42d86d54cdf5508611c4aafb3970
- name: github.com/recursionpharma/go-csv-map
  version: 792523c65ae9a3a204e84946779986cafe34035a
- name: github.com/satori/go.uuid
  version: f58768cc1a7a7e77a3bd49e98cdd21419399b6a3
- name: go.uber.org/atomic
  version: 1ea20fb1cbb1cc08cbd0d913a96dead89aa18289
- name: go.uber.org/multierr
  version: 3c4937480c32f4c13a875a1829af76c98ca3d40a
- name: go.uber.org/zap
  version: ff33455a0e382e8a81d14dd7c922020b6b5e7982
  subpackages:
  - buffer
  - internal/bufferpool
  - internal/color
  - internal/exit
  - zapcore
- name: golang.org/x/crypto
  version: d9133f5469342136e669e85192a26056b587f503
  subpackages:
  - curve25519
  - ed25519
  - ed25519/internal/edwards25519
  - internal/chacha20
  - pbkdf2
  - poly1305
  - scrypt
  - ssh
  - ssh/agent
- name: golang.org/x/sys
  version: 37707fdb30a5b38865cfb95e5aab41707daec7fd
  subpackages:
  - unix
- name: google.golang.org/appengine
  version: 4a4468ece617fc8205e99368fa2200e9d1fad421
  subpackages:
  - cloudsql
- name: gopkg.in/AlecAivazis/survey.v1
  version: 0be4439d90f533f1ea2e0adddd5b1a405e6f5559
  subpackages:
  - core
  - terminal
- name: gopkg.in/inf.v0
  version: d2d2541c53f18d2a059457998ce2876cc8e67cbf
- name: gopkg.in/yaml.v2
  version: 5420a8b6744d3b0345ab293f6fcba19c978f1183
testImports: []
